<?xml version="1.0" encoding="utf-8"?>
<Project ToolsVersion="4.0" xmlns="http://schemas.microsoft.com/developer/msbuild/2003">
  <ItemGroup>
    <Filter Include="Utils">
      <UniqueIdentifier>{93995380-89BD-4b04-88EB-625FBE52EBFB}</UniqueIdentifier>
      <Extensions>h;hh;hpp;hxx;h++;hm;inl;inc;ipp;xsd</Extensions>
    </Filter>
    <Filter Include="GameLoader">
      <UniqueIdentifier>{4FC737F1-C7A5-4376-A066-2A32D752A2FF}</UniqueIdentifier>
      <Extensions>cpp;c;cc;cxx;c++;cppm;ixx;def;odl;idl;hpj;bat;asm;asmx</Extensions>
    </Filter>
    <Filter Include="Utils\imgui">
      <UniqueIdentifier>{1cfd6a50-5264-4a2b-835c-ef5526e3e995}</UniqueIdentifier>
    </Filter>
    <Filter Include="Singleton">
      <UniqueIdentifier>{2d491f32-57a5-409d-a960-8fac9680ea3c}</UniqueIdentifier>
    </Filter>
    <Filter Include="Geometry">
      <UniqueIdentifier>{b13aec18-4ff2-46ca-9588-dbf69d2b39cb}</UniqueIdentifier>
    </Filter>
    <Filter Include="ShaderParameter">
      <UniqueIdentifier>{9854d314-cb15-4e32-9570-4a570a3b6ee2}</UniqueIdentifier>
    </Filter>
    <Filter Include="ShaderParameter\Scripts">
      <UniqueIdentifier>{bef51864-ab51-4240-bf8d-cf6444822f40}</UniqueIdentifier>
    </Filter>
  </ItemGroup>
  <ItemGroup>
    <ClInclude Include="pch.h">
      <Filter>Utils</Filter>
    </ClInclude>
    <ClInclude Include="RendererLibPch.h">
      <Filter>Utils</Filter>
    </ClInclude>
    <ClInclude Include="GameLoader.h">
      <Filter>GameLoader</Filter>
    </ClInclude>
    <ClInclude Include="IGameInterface.h">
      <Filter>GameLoader</Filter>
    </ClInclude>
    <ClInclude Include="imconfig.h">
      <Filter>Utils\imgui</Filter>
    </ClInclude>
    <ClInclude Include="imgui.h">
      <Filter>Utils\imgui</Filter>
    </ClInclude>
    <ClInclude Include="imgui_impl_dx11.h">
      <Filter>Utils\imgui</Filter>
    </ClInclude>
    <ClInclude Include="imgui_impl_win32.h">
      <Filter>Utils\imgui</Filter>
    </ClInclude>
    <ClInclude Include="imgui_internal.h">
      <Filter>Utils\imgui</Filter>
    </ClInclude>
    <ClInclude Include="imstb_rectpack.h">
      <Filter>Utils\imgui</Filter>
    </ClInclude>
    <ClInclude Include="imstb_textedit.h">
      <Filter>Utils\imgui</Filter>
    </ClInclude>
    <ClInclude Include="imstb_truetype.h">
      <Filter>Utils\imgui</Filter>
    </ClInclude>
    <ClInclude Include="SimpleMath.h">
      <Filter>Utils</Filter>
    </ClInclude>
    <ClInclude Include="Timer.h">
      <Filter>Singleton</Filter>
    </ClInclude>
    <ClInclude Include="Input.h">
      <Filter>Singleton</Filter>
    </ClInclude>
    <ClInclude Include="RenderEngine.h">
      <Filter>GameLoader</Filter>
    </ClInclude>
    <ClInclude Include="Circle.h">
      <Filter>Geometry</Filter>
    </ClInclude>
    <ClInclude Include="Rectangle.h">
      <Filter>Geometry</Filter>
    </ClInclude>
    <ClInclude Include="IGeometry.h">
      <Filter>Geometry</Filter>
    </ClInclude>
    <ClInclude Include="HelperInclude.h">
      <Filter>Utils</Filter>
    </ClInclude>
    <ClInclude Include="Shader.h">
      <Filter>ShaderParameter</Filter>
    </ClInclude>
    <ClInclude Include="Texture.h">
      <Filter>ShaderParameter</Filter>
    </ClInclude>
    <ClInclude Include="Camera.h">
      <Filter>ShaderParameter</Filter>
    </ClInclude>
    <ClInclude Include="Polygon.h">
      <Filter>Utils</Filter>
    </ClInclude>
  </ItemGroup>
  <ItemGroup>
    <ClCompile Include="pch.cpp">
      <Filter>Utils</Filter>
    </ClCompile>
    <ClCompile Include="RendererLibPch.cpp">
      <Filter>Utils</Filter>
    </ClCompile>
    <ClCompile Include="GameLoader.cpp">
      <Filter>GameLoader</Filter>
    </ClCompile>
    <ClCompile Include="IGameInterface.cpp">
      <Filter>GameLoader</Filter>
    </ClCompile>
    <ClCompile Include="imgui.cpp">
      <Filter>Utils\imgui</Filter>
    </ClCompile>
    <ClCompile Include="imgui_demo.cpp">
      <Filter>Utils\imgui</Filter>
    </ClCompile>
    <ClCompile Include="imgui_draw.cpp">
      <Filter>Utils\imgui</Filter>
    </ClCompile>
    <ClCompile Include="imgui_impl_dx11.cpp">
      <Filter>Utils\imgui</Filter>
    </ClCompile>
    <ClCompile Include="imgui_impl_win32.cpp">
      <Filter>Utils\imgui</Filter>
    </ClCompile>
    <ClCompile Include="imgui_tables.cpp">
      <Filter>Utils\imgui</Filter>
    </ClCompile>
    <ClCompile Include="imgui_widgets.cpp">
      <Filter>Utils\imgui</Filter>
    </ClCompile>
    <ClCompile Include="SimpleMath.cpp">
      <Filter>Utils</Filter>
    </ClCompile>
    <ClCompile Include="Input.cpp">
      <Filter>Singleton</Filter>
    </ClCompile>
    <ClCompile Include="Timer.cpp">
      <Filter>Singleton</Filter>
    </ClCompile>
    <ClCompile Include="RenderEngine.cpp">
      <Filter>GameLoader</Filter>
    </ClCompile>
    <ClCompile Include="Circle.cpp">
      <Filter>Geometry</Filter>
    </ClCompile>
    <ClCompile Include="IGeometry.cpp">
      <Filter>Geometry</Filter>
    </ClCompile>
    <ClCompile Include="Rectangle.cpp">
      <Filter>Geometry</Filter>
    </ClCompile>
    <ClCompile Include="HelperInclude.cpp">
      <Filter>Utils</Filter>
    </ClCompile>
    <ClCompile Include="Shader.cpp">
      <Filter>ShaderParameter</Filter>
    </ClCompile>
    <ClCompile Include="Texture.cpp">
      <Filter>ShaderParameter</Filter>
    </ClCompile>
    <ClCompile Include="Camera.cpp">
      <Filter>ShaderParameter</Filter>
    </ClCompile>
    <ClCompile Include="Polygon.cpp">
      <Filter>GameLoader</Filter>
    </ClCompile>
  </ItemGroup>
  <ItemGroup>
    <None Include="SimpleMath.inl">
      <Filter>Utils</Filter>
    </None>
  </ItemGroup>
  <ItemGroup>
    <FxCompile Include="..\Shaders\basic.fx">
      <Filter>ShaderParameter\Scripts</Filter>
    </FxCompile>
  </ItemGroup>
</Project>